schema: '2.0'
stages:
  split_data:
    cmd: python src/data/split.py
    deps:
    - path: data/raw_data/raw.csv
      hash: md5
      md5: 617b56af2992376d5c3e91ad80823898
      size: 333757
    - path: src/data/split.py
      hash: md5
      md5: c11630a7a33b547f6ba25447cbf25c79
      size: 630
    outs:
    - path: data/processed_data/X_test.csv
      hash: md5
      md5: ace3de36724488e29be1a15b6ddaefa9
      size: 60151
    - path: data/processed_data/X_train.csv
      hash: md5
      md5: 1d53c949d950d9c05e974df045e50c23
      size: 239404
    - path: data/processed_data/y_test.csv
      hash: md5
      md5: f4af67a3212ab00e1efdd89341223f56
      size: 6473
    - path: data/processed_data/y_train.csv
      hash: md5
      md5: adf073bca29464cdfad732520f736bde
      size: 26009
  normalize_data:
    cmd: python src/data/normalize.py
    deps:
    - path: data/processed_data/X_test.csv
      hash: md5
      md5: ace3de36724488e29be1a15b6ddaefa9
      size: 60151
    - path: data/processed_data/X_train.csv
      hash: md5
      md5: 1d53c949d950d9c05e974df045e50c23
      size: 239404
    - path: src/data/normalize.py
      hash: md5
      md5: 14ffd74333449a47dcb961393604d981
      size: 1040
    outs:
    - path: data/processed_data/X_test_scaled.csv
      hash: md5
      md5: a77f20032beb02f828bee520bf5eb207
      size: 56958
    - path: data/processed_data/X_train_scaled.csv
      hash: md5
      md5: 93bc3bd26e045b4a67888cab44dc0525
      size: 227330
    - path: models/scaler.pkl
      hash: md5
      md5: 3ae5930477abd85ef8b7b760014680a8
      size: 1175
  grid_search:
    cmd: python src/models/grid_search.py
    deps:
    - path: data/processed_data/X_train_scaled.csv
      hash: md5
      md5: 93bc3bd26e045b4a67888cab44dc0525
      size: 227330
    - path: data/processed_data/y_train.csv
      hash: md5
      md5: adf073bca29464cdfad732520f736bde
      size: 26009
    - path: src/models/grid_search.py
      hash: md5
      md5: f414fbc96a9c58fa34c634c56dfc563a
      size: 931
    outs:
    - path: models/best_params.pkl
      hash: md5
      md5: 9161f4bd336f2aebd01efd7e991df730
      size: 832
  train_model:
    cmd: python src/models/train_model.py
    deps:
    - path: data/processed_data/X_train_scaled.csv
      hash: md5
      md5: 93bc3bd26e045b4a67888cab44dc0525
      size: 227330
    - path: data/processed_data/y_train.csv
      hash: md5
      md5: adf073bca29464cdfad732520f736bde
      size: 26009
    - path: models/best_params.pkl
      hash: md5
      md5: 9161f4bd336f2aebd01efd7e991df730
      size: 832
    - path: src/models/train_model.py
      hash: md5
      md5: db2cb9bf3da31df079fcddc250cef3e6
      size: 1554
    outs:
    - path: models/trained_model.pkl
      hash: md5
      md5: 106d7ceafd22c765506cd6dc810c9913
      size: 890247
  evaluate_model:
    cmd: python src/models/evaluate_model.py
    deps:
    - path: data/processed_data/X_test_scaled.csv
      hash: md5
      md5: a77f20032beb02f828bee520bf5eb207
      size: 56958
    - path: data/processed_data/y_test.csv
      hash: md5
      md5: f4af67a3212ab00e1efdd89341223f56
      size: 6473
    - path: models/trained_model.pkl
      hash: md5
      md5: 106d7ceafd22c765506cd6dc810c9913
      size: 890247
    - path: src/models/evaluate_model.py
      hash: md5
      md5: 9153a4443757c8efc08d5ef8323203ca
      size: 732
    outs:
    - path: data/processed_data/y_pred.csv
      hash: md5
      md5: 46e683518e3552f442553755947fd381
      size: 6780
    - path: metrics/scores.json
      hash: md5
      md5: 1ad38f934d25b55634061331d8e5bf94
      size: 54
